// !$*UTF8*$!
{
	archiveVersion = 1;
	classes = {
	};
	objectVersion = 46;
	objects = {

/* Begin PBXBuildFile section */
		764B815D1DD4F8A700850CDF /* AppDelegate.swift in Sources */ = {isa = PBXBuildFile; fileRef = 764B815C1DD4F8A700850CDF /* AppDelegate.swift */; };
		764B815F1DD4F8A700850CDF /* LoginViewController.swift in Sources */ = {isa = PBXBuildFile; fileRef = 764B815E1DD4F8A700850CDF /* LoginViewController.swift */; };
		764B81621DD4F8A700850CDF /* Main.storyboard in Resources */ = {isa = PBXBuildFile; fileRef = 764B81601DD4F8A700850CDF /* Main.storyboard */; };
		764B81651DD4F8A700850CDF /* SCOUT.xcdatamodeld in Sources */ = {isa = PBXBuildFile; fileRef = 764B81631DD4F8A700850CDF /* SCOUT.xcdatamodeld */; };
		764B81671DD4F8A700850CDF /* Assets.xcassets in Resources */ = {isa = PBXBuildFile; fileRef = 764B81661DD4F8A700850CDF /* Assets.xcassets */; };
		764B816A1DD4F8A700850CDF /* LaunchScreen.storyboard in Resources */ = {isa = PBXBuildFile; fileRef = 764B81681DD4F8A700850CDF /* LaunchScreen.storyboard */; };
		764B81751DD4F8A800850CDF /* SCOUTTests.swift in Sources */ = {isa = PBXBuildFile; fileRef = 764B81741DD4F8A800850CDF /* SCOUTTests.swift */; };
		764B81801DD4F8A800850CDF /* SCOUTUITests.swift in Sources */ = {isa = PBXBuildFile; fileRef = 764B817F1DD4F8A800850CDF /* SCOUTUITests.swift */; };
		76E579541DD544D000582E84 /* MainViewController.swift in Sources */ = {isa = PBXBuildFile; fileRef = 76E579531DD544D000582E84 /* MainViewController.swift */; };
		76E5795A1DD6E10800582E84 /* ModelPhotographerViewController.swift in Sources */ = {isa = PBXBuildFile; fileRef = 76E579591DD6E10800582E84 /* ModelPhotographerViewController.swift */; };
		76E7DD811DEA475F004437CA /* User.swift in Sources */ = {isa = PBXBuildFile; fileRef = 76E7DD801DEA475F004437CA /* User.swift */; };
		76E7DD831DEA76D7004437CA /* UserProfileController.swift in Sources */ = {isa = PBXBuildFile; fileRef = 76E7DD821DEA76D7004437CA /* UserProfileController.swift */; };
		76E7DD851DED19F5004437CA /* ImageStore.swift in Sources */ = {isa = PBXBuildFile; fileRef = 76E7DD841DED19F5004437CA /* ImageStore.swift */; };
		76E7DD971DF14044004437CA /* DraggableView.swift in Sources */ = {isa = PBXBuildFile; fileRef = 76E7DD941DF14044004437CA /* DraggableView.swift */; };
		76E7DD981DF14044004437CA /* DraggableViewBackground.swift in Sources */ = {isa = PBXBuildFile; fileRef = 76E7DD951DF14044004437CA /* DraggableViewBackground.swift */; };
		76E7DD991DF14044004437CA /* OverlayView.swift in Sources */ = {isa = PBXBuildFile; fileRef = 76E7DD961DF14044004437CA /* OverlayView.swift */; };
		88773AA71DF360CE0041A094 /* GoogleService-Info.plist in Resources */ = {isa = PBXBuildFile; fileRef = 88773AA61DF360CE0041A094 /* GoogleService-Info.plist */; };
		88D5D0E11DF3516800D21A03 /* MessengerViewController.swift in Sources */ = {isa = PBXBuildFile; fileRef = 88D5D0E01DF3516800D21A03 /* MessengerViewController.swift */; };
		E902D33855C90B56A0DA4BA8 /* Pods_SCOUT.framework in Frameworks */ = {isa = PBXBuildFile; fileRef = 5EF1D261DBCCB75A28A9742A /* Pods_SCOUT.framework */; };
/* End PBXBuildFile section */

/* Begin PBXContainerItemProxy section */
		764B81711DD4F8A800850CDF /* PBXContainerItemProxy */ = {
			isa = PBXContainerItemProxy;
			containerPortal = 764B81511DD4F8A700850CDF /* Project object */;
			proxyType = 1;
			remoteGlobalIDString = 764B81581DD4F8A700850CDF;
			remoteInfo = SCOUT;
		};
		764B817C1DD4F8A800850CDF /* PBXContainerItemProxy */ = {
			isa = PBXContainerItemProxy;
			containerPortal = 764B81511DD4F8A700850CDF /* Project object */;
			proxyType = 1;
			remoteGlobalIDString = 764B81581DD4F8A700850CDF;
			remoteInfo = SCOUT;
		};
/* End PBXContainerItemProxy section */

/* Begin PBXFileReference section */
		4CECB1E56547A5A3C67F1887 /* Pods-SCOUT.debug.xcconfig */ = {isa = PBXFileReference; includeInIndex = 1; lastKnownFileType = text.xcconfig; name = "Pods-SCOUT.debug.xcconfig"; path = "Pods/Target Support Files/Pods-SCOUT/Pods-SCOUT.debug.xcconfig"; sourceTree = "<group>"; };
		5EF1D261DBCCB75A28A9742A /* Pods_SCOUT.framework */ = {isa = PBXFileReference; explicitFileType = wrapper.framework; includeInIndex = 0; path = Pods_SCOUT.framework; sourceTree = BUILT_PRODUCTS_DIR; };
		764B81591DD4F8A700850CDF /* SCOUT.app */ = {isa = PBXFileReference; explicitFileType = wrapper.application; includeInIndex = 0; path = SCOUT.app; sourceTree = BUILT_PRODUCTS_DIR; };
		764B815C1DD4F8A700850CDF /* AppDelegate.swift */ = {isa = PBXFileReference; lastKnownFileType = sourcecode.swift; path = AppDelegate.swift; sourceTree = "<group>"; };
		764B815E1DD4F8A700850CDF /* LoginViewController.swift */ = {isa = PBXFileReference; lastKnownFileType = sourcecode.swift; path = LoginViewController.swift; sourceTree = "<group>"; };
		764B81611DD4F8A700850CDF /* Base */ = {isa = PBXFileReference; lastKnownFileType = file.storyboard; name = Base; path = Base.lproj/Main.storyboard; sourceTree = "<group>"; };
		764B81641DD4F8A700850CDF /* SCOUT.xcdatamodel */ = {isa = PBXFileReference; lastKnownFileType = wrapper.xcdatamodel; path = SCOUT.xcdatamodel; sourceTree = "<group>"; };
		764B81661DD4F8A700850CDF /* Assets.xcassets */ = {isa = PBXFileReference; lastKnownFileType = folder.assetcatalog; path = Assets.xcassets; sourceTree = "<group>"; };
		764B81691DD4F8A700850CDF /* Base */ = {isa = PBXFileReference; lastKnownFileType = file.storyboard; name = Base; path = Base.lproj/LaunchScreen.storyboard; sourceTree = "<group>"; };
		764B816B1DD4F8A700850CDF /* Info.plist */ = {isa = PBXFileReference; lastKnownFileType = text.plist.xml; path = Info.plist; sourceTree = "<group>"; };
		764B81701DD4F8A800850CDF /* SCOUTTests.xctest */ = {isa = PBXFileReference; explicitFileType = wrapper.cfbundle; includeInIndex = 0; path = SCOUTTests.xctest; sourceTree = BUILT_PRODUCTS_DIR; };
		764B81741DD4F8A800850CDF /* SCOUTTests.swift */ = {isa = PBXFileReference; lastKnownFileType = sourcecode.swift; path = SCOUTTests.swift; sourceTree = "<group>"; };
		764B81761DD4F8A800850CDF /* Info.plist */ = {isa = PBXFileReference; lastKnownFileType = text.plist.xml; path = Info.plist; sourceTree = "<group>"; };
		764B817B1DD4F8A800850CDF /* SCOUTUITests.xctest */ = {isa = PBXFileReference; explicitFileType = wrapper.cfbundle; includeInIndex = 0; path = SCOUTUITests.xctest; sourceTree = BUILT_PRODUCTS_DIR; };
		764B817F1DD4F8A800850CDF /* SCOUTUITests.swift */ = {isa = PBXFileReference; lastKnownFileType = sourcecode.swift; path = SCOUTUITests.swift; sourceTree = "<group>"; };
		764B81811DD4F8A800850CDF /* Info.plist */ = {isa = PBXFileReference; lastKnownFileType = text.plist.xml; path = Info.plist; sourceTree = "<group>"; };
		76E579531DD544D000582E84 /* MainViewController.swift */ = {isa = PBXFileReference; fileEncoding = 4; lastKnownFileType = sourcecode.swift; path = MainViewController.swift; sourceTree = "<group>"; };
		76E579591DD6E10800582E84 /* ModelPhotographerViewController.swift */ = {isa = PBXFileReference; fileEncoding = 4; lastKnownFileType = sourcecode.swift; path = ModelPhotographerViewController.swift; sourceTree = "<group>"; };
		76E7DD801DEA475F004437CA /* User.swift */ = {isa = PBXFileReference; fileEncoding = 4; lastKnownFileType = sourcecode.swift; path = User.swift; sourceTree = "<group>"; };
		76E7DD821DEA76D7004437CA /* UserProfileController.swift */ = {isa = PBXFileReference; fileEncoding = 4; lastKnownFileType = sourcecode.swift; path = UserProfileController.swift; sourceTree = "<group>"; };
		76E7DD841DED19F5004437CA /* ImageStore.swift */ = {isa = PBXFileReference; fileEncoding = 4; lastKnownFileType = sourcecode.swift; path = ImageStore.swift; sourceTree = "<group>"; };
		76E7DD861DEE7767004437CA /* SCOUT.entitlements */ = {isa = PBXFileReference; lastKnownFileType = text.plist.entitlements; path = SCOUT.entitlements; sourceTree = "<group>"; };
		76E7DD941DF14044004437CA /* DraggableView.swift */ = {isa = PBXFileReference; fileEncoding = 4; lastKnownFileType = sourcecode.swift; path = DraggableView.swift; sourceTree = "<group>"; };
		76E7DD951DF14044004437CA /* DraggableViewBackground.swift */ = {isa = PBXFileReference; fileEncoding = 4; lastKnownFileType = sourcecode.swift; path = DraggableViewBackground.swift; sourceTree = "<group>"; };
		76E7DD961DF14044004437CA /* OverlayView.swift */ = {isa = PBXFileReference; fileEncoding = 4; lastKnownFileType = sourcecode.swift; path = OverlayView.swift; sourceTree = "<group>"; };
		88773AA61DF360CE0041A094 /* GoogleService-Info.plist */ = {isa = PBXFileReference; fileEncoding = 4; lastKnownFileType = text.plist.xml; path = "GoogleService-Info.plist"; sourceTree = "<group>"; };
		88D5D0E01DF3516800D21A03 /* MessengerViewController.swift */ = {isa = PBXFileReference; fileEncoding = 4; lastKnownFileType = sourcecode.swift; path = MessengerViewController.swift; sourceTree = "<group>"; };
		D8C964DD0AE169E01EF9DEB6 /* Pods-SCOUT.release.xcconfig */ = {isa = PBXFileReference; includeInIndex = 1; lastKnownFileType = text.xcconfig; name = "Pods-SCOUT.release.xcconfig"; path = "Pods/Target Support Files/Pods-SCOUT/Pods-SCOUT.release.xcconfig"; sourceTree = "<group>"; };
/* End PBXFileReference section */

/* Begin PBXFrameworksBuildPhase section */
		764B81561DD4F8A700850CDF /* Frameworks */ = {
			isa = PBXFrameworksBuildPhase;
			buildActionMask = 2147483647;
			files = (
				E902D33855C90B56A0DA4BA8 /* Pods_SCOUT.framework in Frameworks */,
			);
			runOnlyForDeploymentPostprocessing = 0;
		};
		764B816D1DD4F8A800850CDF /* Frameworks */ = {
			isa = PBXFrameworksBuildPhase;
			buildActionMask = 2147483647;
			files = (
			);
			runOnlyForDeploymentPostprocessing = 0;
		};
		764B81781DD4F8A800850CDF /* Frameworks */ = {
			isa = PBXFrameworksBuildPhase;
			buildActionMask = 2147483647;
			files = (
			);
			runOnlyForDeploymentPostprocessing = 0;
		};
/* End PBXFrameworksBuildPhase section */

/* Begin PBXGroup section */
		764B81501DD4F8A700850CDF = {
			isa = PBXGroup;
			children = (
				764B815B1DD4F8A700850CDF /* SCOUT */,
				764B81731DD4F8A800850CDF /* SCOUTTests */,
				764B817E1DD4F8A800850CDF /* SCOUTUITests */,
				764B815A1DD4F8A700850CDF /* Products */,
				F529414A81944D5F323A84E6 /* Pods */,
				A97B4969BA39D50B4F65EE46 /* Frameworks */,
			);
			sourceTree = "<group>";
		};
		764B815A1DD4F8A700850CDF /* Products */ = {
			isa = PBXGroup;
			children = (
				764B81591DD4F8A700850CDF /* SCOUT.app */,
				764B81701DD4F8A800850CDF /* SCOUTTests.xctest */,
				764B817B1DD4F8A800850CDF /* SCOUTUITests.xctest */,
			);
			name = Products;
			sourceTree = "<group>";
		};
		764B815B1DD4F8A700850CDF /* SCOUT */ = {
			isa = PBXGroup;
			children = (
				76E7DD861DEE7767004437CA /* SCOUT.entitlements */,
				764B815C1DD4F8A700850CDF /* AppDelegate.swift */,
				764B81601DD4F8A700850CDF /* Main.storyboard */,
				764B815E1DD4F8A700850CDF /* LoginViewController.swift */,
				76E579531DD544D000582E84 /* MainViewController.swift */,
				76E579591DD6E10800582E84 /* ModelPhotographerViewController.swift */,
				76E7DD841DED19F5004437CA /* ImageStore.swift */,
				88D5D0E01DF3516800D21A03 /* MessengerViewController.swift */,
				76E7DD9A1DF140EC004437CA /* DraggableCards */,
				88D5D0DF1DF348B300D21A03 /* USER */,
				764B81661DD4F8A700850CDF /* Assets.xcassets */,
				88773AA61DF360CE0041A094 /* GoogleService-Info.plist */,
				764B81681DD4F8A700850CDF /* LaunchScreen.storyboard */,
				764B816B1DD4F8A700850CDF /* Info.plist */,
				764B81631DD4F8A700850CDF /* SCOUT.xcdatamodeld */,
			);
			path = SCOUT;
			sourceTree = "<group>";
		};
		764B81731DD4F8A800850CDF /* SCOUTTests */ = {
			isa = PBXGroup;
			children = (
				764B81741DD4F8A800850CDF /* SCOUTTests.swift */,
				764B81761DD4F8A800850CDF /* Info.plist */,
			);
			path = SCOUTTests;
			sourceTree = "<group>";
		};
		764B817E1DD4F8A800850CDF /* SCOUTUITests */ = {
			isa = PBXGroup;
			children = (
				764B817F1DD4F8A800850CDF /* SCOUTUITests.swift */,
				764B81811DD4F8A800850CDF /* Info.plist */,
			);
			path = SCOUTUITests;
			sourceTree = "<group>";
		};
		76E7DD9A1DF140EC004437CA /* DraggableCards */ = {
			isa = PBXGroup;
			children = (
				76E7DD941DF14044004437CA /* DraggableView.swift */,
				76E7DD951DF14044004437CA /* DraggableViewBackground.swift */,
				76E7DD961DF14044004437CA /* OverlayView.swift */,
			);
			name = DraggableCards;
			sourceTree = "<group>";
		};
		88D5D0DF1DF348B300D21A03 /* USER */ = {
			isa = PBXGroup;
			children = (
				76E7DD821DEA76D7004437CA /* UserProfileController.swift */,
				76E7DD801DEA475F004437CA /* User.swift */,
			);
			name = USER;
			sourceTree = "<group>";
		};
		A97B4969BA39D50B4F65EE46 /* Frameworks */ = {
			isa = PBXGroup;
			children = (
				5EF1D261DBCCB75A28A9742A /* Pods_SCOUT.framework */,
			);
			name = Frameworks;
			sourceTree = "<group>";
		};
		F529414A81944D5F323A84E6 /* Pods */ = {
			isa = PBXGroup;
			children = (
				4CECB1E56547A5A3C67F1887 /* Pods-SCOUT.debug.xcconfig */,
				D8C964DD0AE169E01EF9DEB6 /* Pods-SCOUT.release.xcconfig */,
			);
			name = Pods;
			sourceTree = "<group>";
		};
/* End PBXGroup section */

/* Begin PBXNativeTarget section */
		764B81581DD4F8A700850CDF /* SCOUT */ = {
			isa = PBXNativeTarget;
			buildConfigurationList = 764B81841DD4F8A800850CDF /* Build configuration list for PBXNativeTarget "SCOUT" */;
			buildPhases = (
				FE5B4D1E3B8D486856B796EC /* 📦 Check Pods Manifest.lock */,
				0DAA3AD76F26BE830D5159F4 /* [CP] Check Pods Manifest.lock */,
				764B81551DD4F8A700850CDF /* Sources */,
				764B81561DD4F8A700850CDF /* Frameworks */,
				764B81571DD4F8A700850CDF /* Resources */,
				A0938CE23780480B2250520A /* [CP] Embed Pods Frameworks */,
				3A2136ADA9A405C8C1E3EA27 /* [CP] Copy Pods Resources */,
				63082D5B04DA55030590B30B /* 📦 Embed Pods Frameworks */,
				D077E33F114512EC3CAB5B3E /* 📦 Copy Pods Resources */,
			);
			buildRules = (
			);
			dependencies = (
			);
			name = SCOUT;
			productName = SCOUT;
			productReference = 764B81591DD4F8A700850CDF /* SCOUT.app */;
			productType = "com.apple.product-type.application";
		};
		764B816F1DD4F8A800850CDF /* SCOUTTests */ = {
			isa = PBXNativeTarget;
			buildConfigurationList = 764B81871DD4F8A800850CDF /* Build configuration list for PBXNativeTarget "SCOUTTests" */;
			buildPhases = (
				764B816C1DD4F8A800850CDF /* Sources */,
				764B816D1DD4F8A800850CDF /* Frameworks */,
				764B816E1DD4F8A800850CDF /* Resources */,
			);
			buildRules = (
			);
			dependencies = (
				764B81721DD4F8A800850CDF /* PBXTargetDependency */,
			);
			name = SCOUTTests;
			productName = SCOUTTests;
			productReference = 764B81701DD4F8A800850CDF /* SCOUTTests.xctest */;
			productType = "com.apple.product-type.bundle.unit-test";
		};
		764B817A1DD4F8A800850CDF /* SCOUTUITests */ = {
			isa = PBXNativeTarget;
			buildConfigurationList = 764B818A1DD4F8A800850CDF /* Build configuration list for PBXNativeTarget "SCOUTUITests" */;
			buildPhases = (
				764B81771DD4F8A800850CDF /* Sources */,
				764B81781DD4F8A800850CDF /* Frameworks */,
				764B81791DD4F8A800850CDF /* Resources */,
			);
			buildRules = (
			);
			dependencies = (
				764B817D1DD4F8A800850CDF /* PBXTargetDependency */,
			);
			name = SCOUTUITests;
			productName = SCOUTUITests;
			productReference = 764B817B1DD4F8A800850CDF /* SCOUTUITests.xctest */;
			productType = "com.apple.product-type.bundle.ui-testing";
		};
/* End PBXNativeTarget section */

/* Begin PBXProject section */
		764B81511DD4F8A700850CDF /* Project object */ = {
			isa = PBXProject;
			attributes = {
				LastSwiftUpdateCheck = 0810;
				LastUpgradeCheck = 0810;
				ORGANIZATIONNAME = ScoutApp;
				TargetAttributes = {
					764B81581DD4F8A700850CDF = {
						CreatedOnToolsVersion = 8.1;
						DevelopmentTeam = 53B84PKU45;
						ProvisioningStyle = Automatic;
						SystemCapabilities = {
							com.apple.Keychain = {
								enabled = 0;
							};
						};
					};
					764B816F1DD4F8A800850CDF = {
						CreatedOnToolsVersion = 8.1;
						ProvisioningStyle = Automatic;
						TestTargetID = 764B81581DD4F8A700850CDF;
					};
					764B817A1DD4F8A800850CDF = {
						CreatedOnToolsVersion = 8.1;
						ProvisioningStyle = Automatic;
						TestTargetID = 764B81581DD4F8A700850CDF;
					};
				};
			};
			buildConfigurationList = 764B81541DD4F8A700850CDF /* Build configuration list for PBXProject "SCOUT" */;
			compatibilityVersion = "Xcode 3.2";
			developmentRegion = English;
			hasScannedForEncodings = 0;
			knownRegions = (
				en,
				Base,
			);
			mainGroup = 764B81501DD4F8A700850CDF;
			productRefGroup = 764B815A1DD4F8A700850CDF /* Products */;
			projectDirPath = "";
			projectRoot = "";
			targets = (
				764B81581DD4F8A700850CDF /* SCOUT */,
				764B816F1DD4F8A800850CDF /* SCOUTTests */,
				764B817A1DD4F8A800850CDF /* SCOUTUITests */,
			);
		};
/* End PBXProject section */

/* Begin PBXResourcesBuildPhase section */
		764B81571DD4F8A700850CDF /* Resources */ = {
			isa = PBXResourcesBuildPhase;
			buildActionMask = 2147483647;
			files = (
				764B816A1DD4F8A700850CDF /* LaunchScreen.storyboard in Resources */,
				88773AA71DF360CE0041A094 /* GoogleService-Info.plist in Resources */,
				764B81671DD4F8A700850CDF /* Assets.xcassets in Resources */,
				764B81621DD4F8A700850CDF /* Main.storyboard in Resources */,
			);
			runOnlyForDeploymentPostprocessing = 0;
		};
		764B816E1DD4F8A800850CDF /* Resources */ = {
			isa = PBXResourcesBuildPhase;
			buildActionMask = 2147483647;
			files = (
			);
			runOnlyForDeploymentPostprocessing = 0;
		};
		764B81791DD4F8A800850CDF /* Resources */ = {
			isa = PBXResourcesBuildPhase;
			buildActionMask = 2147483647;
			files = (
			);
			runOnlyForDeploymentPostprocessing = 0;
		};
/* End PBXResourcesBuildPhase section */

/* Begin PBXShellScriptBuildPhase section */
		0DAA3AD76F26BE830D5159F4 /* [CP] Check Pods Manifest.lock */ = {
			isa = PBXShellScriptBuildPhase;
			buildActionMask = 2147483647;
			files = (
			);
			inputPaths = (
			);
			name = "[CP] Check Pods Manifest.lock";
			outputPaths = (
			);
			runOnlyForDeploymentPostprocessing = 0;
			shellPath = /bin/sh;
			shellScript = "diff \"${PODS_ROOT}/../Podfile.lock\" \"${PODS_ROOT}/Manifest.lock\" > /dev/null\nif [ $? != 0 ] ; then\n    # print error to STDERR\n    echo \"error: The sandbox is not in sync with the Podfile.lock. Run 'pod install' or update your CocoaPods installation.\" >&2\n    exit 1\nfi\n";
			showEnvVarsInLog = 0;
		};
		3A2136ADA9A405C8C1E3EA27 /* [CP] Copy Pods Resources */ = {
			isa = PBXShellScriptBuildPhase;
			buildActionMask = 2147483647;
			files = (
			);
			inputPaths = (
			);
			name = "[CP] Copy Pods Resources";
			outputPaths = (
			);
			runOnlyForDeploymentPostprocessing = 0;
			shellPath = /bin/sh;
			shellScript = "\"${SRCROOT}/Pods/Target Support Files/Pods-SCOUT/Pods-SCOUT-resources.sh\"\n";
			showEnvVarsInLog = 0;
		};
		63082D5B04DA55030590B30B /* 📦 Embed Pods Frameworks */ = {
			isa = PBXShellScriptBuildPhase;
			buildActionMask = 2147483647;
			files = (
			);
			inputPaths = (
			);
			name = "📦 Embed Pods Frameworks";
			outputPaths = (
			);
			runOnlyForDeploymentPostprocessing = 0;
			shellPath = /bin/sh;
			shellScript = "\"${SRCROOT}/Pods/Target Support Files/Pods-SCOUT/Pods-SCOUT-frameworks.sh\"\n";
			showEnvVarsInLog = 0;
		};
		A0938CE23780480B2250520A /* [CP] Embed Pods Frameworks */ = {
			isa = PBXShellScriptBuildPhase;
			buildActionMask = 2147483647;
			files = (
			);
			inputPaths = (
			);
			name = "[CP] Embed Pods Frameworks";
			outputPaths = (
			);
			runOnlyForDeploymentPostprocessing = 0;
			shellPath = /bin/sh;
			shellScript = "\"${SRCROOT}/Pods/Target Support Files/Pods-SCOUT/Pods-SCOUT-frameworks.sh\"\n";
			showEnvVarsInLog = 0;
		};
		D077E33F114512EC3CAB5B3E /* 📦 Copy Pods Resources */ = {
			isa = PBXShellScriptBuildPhase;
			buildActionMask = 2147483647;
			files = (
			);
			inputPaths = (
			);
			name = "📦 Copy Pods Resources";
			outputPaths = (
			);
			runOnlyForDeploymentPostprocessing = 0;
			shellPath = /bin/sh;
			shellScript = "\"${SRCROOT}/Pods/Target Support Files/Pods-SCOUT/Pods-SCOUT-resources.sh\"\n";
			showEnvVarsInLog = 0;
		};
		FE5B4D1E3B8D486856B796EC /* 📦 Check Pods Manifest.lock */ = {
			isa = PBXShellScriptBuildPhase;
			buildActionMask = 2147483647;
			files = (
			);
			inputPaths = (
			);
			name = "📦 Check Pods Manifest.lock";
			outputPaths = (
			);
			runOnlyForDeploymentPostprocessing = 0;
			shellPath = /bin/sh;
			shellScript = "diff \"${PODS_ROOT}/../Podfile.lock\" \"${PODS_ROOT}/Manifest.lock\" > /dev/null\nif [[ $? != 0 ]] ; then\n    cat << EOM\nerror: The sandbox is not in sync with the Podfile.lock. Run 'pod install' or update your CocoaPods installation.\nEOM\n    exit 1\nfi\n";
			showEnvVarsInLog = 0;
		};
/* End PBXShellScriptBuildPhase section */

/* Begin PBXSourcesBuildPhase section */
		764B81551DD4F8A700850CDF /* Sources */ = {
			isa = PBXSourcesBuildPhase;
			buildActionMask = 2147483647;
			files = (
				76E5795A1DD6E10800582E84 /* ModelPhotographerViewController.swift in Sources */,
				764B815F1DD4F8A700850CDF /* LoginViewController.swift in Sources */,
				76E7DD981DF14044004437CA /* DraggableViewBackground.swift in Sources */,
				76E7DD851DED19F5004437CA /* ImageStore.swift in Sources */,
				76E7DD811DEA475F004437CA /* User.swift in Sources */,
				764B815D1DD4F8A700850CDF /* AppDelegate.swift in Sources */,
				764B81651DD4F8A700850CDF /* SCOUT.xcdatamodeld in Sources */,
				76E579541DD544D000582E84 /* MainViewController.swift in Sources */,
				88D5D0E11DF3516800D21A03 /* MessengerViewController.swift in Sources */,
				76E7DD991DF14044004437CA /* OverlayView.swift in Sources */,
				76E7DD971DF14044004437CA /* DraggableView.swift in Sources */,
				76E7DD831DEA76D7004437CA /* UserProfileController.swift in Sources */,
			);
			runOnlyForDeploymentPostprocessing = 0;
		};
		764B816C1DD4F8A800850CDF /* Sources */ = {
			isa = PBXSourcesBuildPhase;
			buildActionMask = 2147483647;
			files = (
				764B81751DD4F8A800850CDF /* SCOUTTests.swift in Sources */,
			);
			runOnlyForDeploymentPostprocessing = 0;
		};
		764B81771DD4F8A800850CDF /* Sources */ = {
			isa = PBXSourcesBuildPhase;
			buildActionMask = 2147483647;
			files = (
				764B81801DD4F8A800850CDF /* SCOUTUITests.swift in Sources */,
			);
			runOnlyForDeploymentPostprocessing = 0;
		};
/* End PBXSourcesBuildPhase section */

/* Begin PBXTargetDependency section */
		764B81721DD4F8A800850CDF /* PBXTargetDependency */ = {
			isa = PBXTargetDependency;
			target = 764B81581DD4F8A700850CDF /* SCOUT */;
			targetProxy = 764B81711DD4F8A800850CDF /* PBXContainerItemProxy */;
		};
		764B817D1DD4F8A800850CDF /* PBXTargetDependency */ = {
			isa = PBXTargetDependency;
			target = 764B81581DD4F8A700850CDF /* SCOUT */;
			targetProxy = 764B817C1DD4F8A800850CDF /* PBXContainerItemProxy */;
		};
/* End PBXTargetDependency section */

/* Begin PBXVariantGroup section */
		764B81601DD4F8A700850CDF /* Main.storyboard */ = {
			isa = PBXVariantGroup;
			children = (
				764B81611DD4F8A700850CDF /* Base */,
			);
			name = Main.storyboard;
			sourceTree = "<group>";
		};
		764B81681DD4F8A700850CDF /* LaunchScreen.storyboard */ = {
			isa = PBXVariantGroup;
			children = (
				764B81691DD4F8A700850CDF /* Base */,
			);
			name = LaunchScreen.storyboard;
			sourceTree = "<group>";
		};
/* End PBXVariantGroup section */

/* Begin XCBuildConfiguration section */
		764B81821DD4F8A800850CDF /* Debug */ = {
			isa = XCBuildConfiguration;
			buildSettings = {
				ALWAYS_SEARCH_USER_PATHS = NO;
				CLANG_ANALYZER_NONNULL = YES;
				CLANG_CXX_LANGUAGE_STANDARD = "gnu++0x";
				CLANG_CXX_LIBRARY = "libc++";
				CLANG_ENABLE_MODULES = YES;
				CLANG_ENABLE_OBJC_ARC = YES;
				CLANG_WARN_BOOL_CONVERSION = YES;
				CLANG_WARN_CONSTANT_CONVERSION = YES;
				CLANG_WARN_DIRECT_OBJC_ISA_USAGE = YES_ERROR;
				CLANG_WARN_DOCUMENTATION_COMMENTS = YES;
				CLANG_WARN_EMPTY_BODY = YES;
				CLANG_WARN_ENUM_CONVERSION = YES;
				CLANG_WARN_INFINITE_RECURSION = YES;
				CLANG_WARN_INT_CONVERSION = YES;
				CLANG_WARN_OBJC_ROOT_CLASS = YES_ERROR;
				CLANG_WARN_SUSPICIOUS_MOVE = YES;
				CLANG_WARN_SUSPICIOUS_MOVES = YES;
				CLANG_WARN_UNREACHABLE_CODE = YES;
				CLANG_WARN__DUPLICATE_METHOD_MATCH = YES;
				"CODE_SIGN_IDENTITY[sdk=iphoneos*]" = "iPhone Developer";
				COPY_PHASE_STRIP = NO;
				DEBUG_INFORMATION_FORMAT = dwarf;
				ENABLE_STRICT_OBJC_MSGSEND = YES;
				ENABLE_TESTABILITY = YES;
				GCC_C_LANGUAGE_STANDARD = gnu99;
				GCC_DYNAMIC_NO_PIC = NO;
				GCC_NO_COMMON_BLOCKS = YES;
				GCC_OPTIMIZATION_LEVEL = 0;
				GCC_PREPROCESSOR_DEFINITIONS = (
					"DEBUG=1",
					"$(inherited)",
				);
				GCC_WARN_64_TO_32_BIT_CONVERSION = YES;
				GCC_WARN_ABOUT_RETURN_TYPE = YES_ERROR;
				GCC_WARN_UNDECLARED_SELECTOR = YES;
				GCC_WARN_UNINITIALIZED_AUTOS = YES_AGGRESSIVE;
				GCC_WARN_UNUSED_FUNCTION = YES;
				GCC_WARN_UNUSED_VARIABLE = YES;
				IPHONEOS_DEPLOYMENT_TARGET = 10.1;
				MTL_ENABLE_DEBUG_INFO = YES;
				ONLY_ACTIVE_ARCH = YES;
				SDKROOT = iphoneos;
				SWIFT_ACTIVE_COMPILATION_CONDITIONS = DEBUG;
				SWIFT_OPTIMIZATION_LEVEL = "-Onone";
				TARGETED_DEVICE_FAMILY = "1,2";
			};
			name = Debug;
		};
		764B81831DD4F8A800850CDF /* Release */ = {
			isa = XCBuildConfiguration;
			buildSettings = {
				ALWAYS_SEARCH_USER_PATHS = NO;
				CLANG_ANALYZER_NONNULL = YES;
				CLANG_CXX_LANGUAGE_STANDARD = "gnu++0x";
				CLANG_CXX_LIBRARY = "libc++";
				CLANG_ENABLE_MODULES = YES;
				CLANG_ENABLE_OBJC_ARC = YES;
				CLANG_WARN_BOOL_CONVERSION = YES;
				CLANG_WARN_CONSTANT_CONVERSION = YES;
				CLANG_WARN_DIRECT_OBJC_ISA_USAGE = YES_ERROR;
				CLANG_WARN_DOCUMENTATION_COMMENTS = YES;
				CLANG_WARN_EMPTY_BODY = YES;
				CLANG_WARN_ENUM_CONVERSION = YES;
				CLANG_WARN_INFINITE_RECURSION = YES;
				CLANG_WARN_INT_CONVERSION = YES;
				CLANG_WARN_OBJC_ROOT_CLASS = YES_ERROR;
				CLANG_WARN_SUSPICIOUS_MOVE = YES;
				CLANG_WARN_SUSPICIOUS_MOVES = YES;
				CLANG_WARN_UNREACHABLE_CODE = YES;
				CLANG_WARN__DUPLICATE_METHOD_MATCH = YES;
				"CODE_SIGN_IDENTITY[sdk=iphoneos*]" = "iPhone Developer";
				COPY_PHASE_STRIP = NO;
				DEBUG_INFORMATION_FORMAT = "dwarf-with-dsym";
				ENABLE_NS_ASSERTIONS = NO;
				ENABLE_STRICT_OBJC_MSGSEND = YES;
				GCC_C_LANGUAGE_STANDARD = gnu99;
				GCC_NO_COMMON_BLOCKS = YES;
				GCC_WARN_64_TO_32_BIT_CONVERSION = YES;
				GCC_WARN_ABOUT_RETURN_TYPE = YES_ERROR;
				GCC_WARN_UNDECLARED_SELECTOR = YES;
				GCC_WARN_UNINITIALIZED_AUTOS = YES_AGGRESSIVE;
				GCC_WARN_UNUSED_FUNCTION = YES;
				GCC_WARN_UNUSED_VARIABLE = YES;
				IPHONEOS_DEPLOYMENT_TARGET = 10.1;
				MTL_ENABLE_DEBUG_INFO = NO;
				SDKROOT = iphoneos;
				SWIFT_OPTIMIZATION_LEVEL = "-Owholemodule";
				TARGETED_DEVICE_FAMILY = "1,2";
				VALIDATE_PRODUCT = YES;
			};
			name = Release;
		};
		764B81851DD4F8A800850CDF /* Debug */ = {
			isa = XCBuildConfiguration;
			baseConfigurationReference = 4CECB1E56547A5A3C67F1887 /* Pods-SCOUT.debug.xcconfig */;
			buildSettings = {
				ALWAYS_EMBED_SWIFT_STANDARD_LIBRARIES = YES;
				ASSETCATALOG_COMPILER_APPICON_NAME = AppIcon;
				DEVELOPMENT_TEAM = 53B84PKU45;
				INFOPLIST_FILE = SCOUT/Info.plist;
				LD_RUNPATH_SEARCH_PATHS = "$(inherited) @executable_path/Frameworks";
				PRODUCT_BUNDLE_IDENTIFIER = ScoutApp.SCOUT;
				PRODUCT_NAME = "$(TARGET_NAME)";
				SWIFT_VERSION = 3.0;
			};
			name = Debug;
		};
		764B81861DD4F8A800850CDF /* Release */ = {
			isa = XCBuildConfiguration;
			baseConfigurationReference = D8C964DD0AE169E01EF9DEB6 /* Pods-SCOUT.release.xcconfig */;
			buildSettings = {
				ALWAYS_EMBED_SWIFT_STANDARD_LIBRARIES = YES;
				ASSETCATALOG_COMPILER_APPICON_NAME = AppIcon;
				DEVELOPMENT_TEAM = 53B84PKU45;
				INFOPLIST_FILE = SCOUT/Info.plist;
				LD_RUNPATH_SEARCH_PATHS = "$(inherited) @executable_path/Frameworks";
				PRODUCT_BUNDLE_IDENTIFIER = ScoutApp.SCOUT;
				PRODUCT_NAME = "$(TARGET_NAME)";
				SWIFT_VERSION = 3.0;
			};
			name = Release;
		};
		764B81881DD4F8A800850CDF /* Debug */ = {
			isa = XCBuildConfiguration;
			buildSettings = {
				ALWAYS_EMBED_SWIFT_STANDARD_LIBRARIES = YES;
				BUNDLE_LOADER = "$(TEST_HOST)";
				INFOPLIST_FILE = SCOUTTests/Info.plist;
				LD_RUNPATH_SEARCH_PATHS = "$(inherited) @executable_path/Frameworks @loader_path/Frameworks";
				PRODUCT_BUNDLE_IDENTIFIER = ScoutApp.SCOUTTests;
				PRODUCT_NAME = "$(TARGET_NAME)";
				SWIFT_VERSION = 3.0;
				TEST_HOST = "$(BUILT_PRODUCTS_DIR)/SCOUT.app/SCOUT";
			};
			name = Debug;
		};
		764B81891DD4F8A800850CDF /* Release */ = {
			isa = XCBuildConfiguration;
			buildSettings = {
				ALWAYS_EMBED_SWIFT_STANDARD_LIBRARIES = YES;
				BUNDLE_LOADER = "$(TEST_HOST)";
				INFOPLIST_FILE = SCOUTTests/Info.plist;
				LD_RUNPATH_SEARCH_PATHS = "$(inherited) @executable_path/Frameworks @loader_path/Frameworks";
				PRODUCT_BUNDLE_IDENTIFIER = ScoutApp.SCOUTTests;
				PRODUCT_NAME = "$(TARGET_NAME)";
				SWIFT_VERSION = 3.0;
				TEST_HOST = "$(BUILT_PRODUCTS_DIR)/SCOUT.app/SCOUT";
			};
			name = Release;
		};
		764B818B1DD4F8A800850CDF /* Debug */ = {
			isa = XCBuildConfiguration;
			buildSettings = {
				ALWAYS_EMBED_SWIFT_STANDARD_LIBRARIES = YES;
				INFOPLIST_FILE = SCOUTUITests/Info.plist;
				LD_RUNPATH_SEARCH_PATHS = "$(inherited) @executable_path/Frameworks @loader_path/Frameworks";
				PRODUCT_BUNDLE_IDENTIFIER = ScoutApp.SCOUTUITests;
				PRODUCT_NAME = "$(TARGET_NAME)";
				SWIFT_VERSION = 3.0;
				TEST_TARGET_NAME = SCOUT;
			};
			name = Debug;
		};
		764B818C1DD4F8A800850CDF /* Release */ = {
			isa = XCBuildConfiguration;
			buildSettings = {
				ALWAYS_EMBED_SWIFT_STANDARD_LIBRARIES = YES;
				INFOPLIST_FILE = SCOUTUITests/Info.plist;
				LD_RUNPATH_SEARCH_PATHS = "$(inherited) @executable_path/Frameworks @loader_path/Frameworks";
				PRODUCT_BUNDLE_IDENTIFIER = ScoutApp.SCOUTUITests;
				PRODUCT_NAME = "$(TARGET_NAME)";
				SWIFT_VERSION = 3.0;
				TEST_TARGET_NAME = SCOUT;
			};
			name = Release;
		};
/* End XCBuildConfiguration section */

/* Begin XCConfigurationList section */
		764B81541DD4F8A700850CDF /* Build configuration list for PBXProject "SCOUT" */ = {
			isa = XCConfigurationList;
			buildConfigurations = (
				764B81821DD4F8A800850CDF /* Debug */,
				764B81831DD4F8A800850CDF /* Release */,
			);
			defaultConfigurationIsVisible = 0;
			defaultConfigurationName = Release;
		};
		764B81841DD4F8A800850CDF /* Build configuration list for PBXNativeTarget "SCOUT" */ = {
			isa = XCConfigurationList;
			buildConfigurations = (
				764B81851DD4F8A800850CDF /* Debug */,
				764B81861DD4F8A800850CDF /* Release */,
			);
			defaultConfigurationIsVisible = 0;
			defaultConfigurationName = Release;
		};
		764B81871DD4F8A800850CDF /* Build configuration list for PBXNativeTarget "SCOUTTests" */ = {
			isa = XCConfigurationList;
			buildConfigurations = (
				764B81881DD4F8A800850CDF /* Debug */,
				764B81891DD4F8A800850CDF /* Release */,
			);
			defaultConfigurationIsVisible = 0;
			defaultConfigurationName = Release;
		};
		764B818A1DD4F8A800850CDF /* Build configuration list for PBXNativeTarget "SCOUTUITests" */ = {
			isa = XCConfigurationList;
			buildConfigurations = (
				764B818B1DD4F8A800850CDF /* Debug */,
				764B818C1DD4F8A800850CDF /* Release */,
			);
			defaultConfigurationIsVisible = 0;
			defaultConfigurationName = Release;
		};
/* End XCConfigurationList section */

/* Begin XCVersionGroup section */
		764B81631DD4F8A700850CDF /* SCOUT.xcdatamodeld */ = {
			isa = XCVersionGroup;
			children = (
				764B81641DD4F8A700850CDF /* SCOUT.xcdatamodel */,
			);
			currentVersion = 764B81641DD4F8A700850CDF /* SCOUT.xcdatamodel */;
			path = SCOUT.xcdatamodeld;
			sourceTree = "<group>";
			versionGroupType = wrapper.xcdatamodel;
		};
/* End XCVersionGroup section */
	};
	rootObject = 764B81511DD4F8A700850CDF /* Project object */;
}
